github.com/BurntSushi/toml v0.3.1/go.mod h1:xHWCNGjB5oqiDr8zfno3MHue2Ht5sIBksp03qcyfWMU=
github.com/aws/aws-lambda-go v1.27.0 h1:aLzrJwdyHoF1A18YeVdJjX8Ixkd+bpogdxVInvHcWjM=
github.com/aws/aws-lambda-go v1.27.0/go.mod h1:jJmlefzPfGnckuHdXX7/80O3BvUUi12XOkbv4w9SGLU=
github.com/aws/aws-sdk-go-v2 v1.11.1 h1:GzvOVAdTbWxhEMRK4FfiblkGverOkAT0UodDxC1jHQM=
github.com/aws/aws-sdk-go-v2 v1.11.1/go.mod h1:SQfA+m2ltnu1cA0soUkj4dRSsmITiVQUJvBIZjzfPyQ=
github.com/aws/aws-sdk-go-v2 v1.11.2 h1:SDiCYqxdIYi6HgQfAWRhgdZrdnOuGyLDJVRSWLeHWvs=
github.com/aws/aws-sdk-go-v2 v1.11.2/go.mod h1:SQfA+m2ltnu1cA0soUkj4dRSsmITiVQUJvBIZjzfPyQ=
github.com/aws/aws-sdk-go-v2/config v1.10.3 h1:Hr6xmlQPtoEriXeLl8cQYJD2hkhJNAW5PVM0lHvopnQ=
github.com/aws/aws-sdk-go-v2/config v1.10.3/go.mod h1:yPMKrwzpPrBny2yk70tIXHCfKnIuPLc+Y9tgY9Ms2NU=
github.com/aws/aws-sdk-go-v2/config v1.11.0 h1:Czlld5zBB61A3/aoegA9/buZulwL9mHHfizh/Oq+Kqs=
github.com/aws/aws-sdk-go-v2/config v1.11.0/go.mod h1:VrQDJGFBM5yZe+IOeenNZ/DWoErdny+k2MHEIpwDsEY=
github.com/aws/aws-sdk-go-v2/credentials v1.6.3 h1:2RW+CfsFFo1jB0Z8UWJy48UJoUhhMdEWSHK5Ayn3QZA=
github.com/aws/aws-sdk-go-v2/credentials v1.6.3/go.mod h1:9YEFqXj6X6lpCCXMmSWWo1jCISkx2lnbLFhAjx+mUWw=
github.com/aws/aws-sdk-go-v2/credentials v1.6.4 h1:2hvbUoHufns0lDIsaK8FVCMukT1WngtZPavN+W2FkSw=
github.com/aws/aws-sdk-go-v2/credentials v1.6.4/go.mod h1:tTrhvBPHyPde4pdIPSba4Nv7RYr4wP9jxXEDa1bKn/8=
github.com/aws/aws-sdk-go-v2/feature/dynamodb/attributevalue v1.4.3 h1:x7XmH+oHTxsVaUyWp6AjbDmOJh8WnkpN+T/om/dt3w4=
github.com/aws/aws-sdk-go-v2/feature/dynamodb/attributevalue v1.4.3/go.mod h1:3B26GRzL+BHAthbsJB6Rne6so/q56UTnJlvonlm1mS8=
github.com/aws/aws-sdk-go-v2/feature/dynamodb/attributevalue v1.4.4 h1:9WteVf5jmManG9HlxTFsk1+MT1IZ8S/8rvR+3A3OKng=
github.com/aws/aws-sdk-go-v2/feature/dynamodb/attributevalue v1.4.4/go.mod h1:MWyvQ5I9fEsoV+Im6IgpILXlAaypjlRqUkyS5GP5pIo=
github.com/aws/aws-sdk-go-v2/feature/ec2/imds v1.8.1 h1:pXwGBINU30CsjYztV/IyCgA7QKp99Q8wM4Gb0Ls3rB0=
github.com/aws/aws-sdk-go-v2/feature/ec2/imds v1.8.1/go.mod h1:MYiG3oeEcmrdBOV7JOIWhionzyRZJWCnByS5FmvhAoU=
github.com/aws/aws-sdk-go-v2/feature/ec2/imds v1.8.2 h1:KiN5TPOLrEjbGCvdTQR4t0U4T87vVwALZ5Bg3jpMqPY=
github.com/aws/aws-sdk-go-v2/feature/ec2/imds v1.8.2/go.mod h1:dF2F6tXEOgmW5X1ZFO/EPtWrcm7XkW07KNcJUGNtt4s=
github.com/aws/aws-sdk-go-v2/internal/configsources v1.1.1 h1:LZwqhOyqQ2w64PZk04V0Om9AEExtW8WMkCRoE1h9/94=
github.com/aws/aws-sdk-go-v2/internal/configsources v1.1.1/go.mod h1:22SEiBSQm5AyKEjoPcG1hzpeTI+m9CXfE6yt1h49wBE=
github.com/aws/aws-sdk-go-v2/internal/configsources v1.1.2 h1:XJLnluKuUxQG255zPNe+04izXl7GSyUVafIsgfv9aw4=
github.com/aws/aws-sdk-go-v2/internal/configsources v1.1.2/go.mod h1:SgKKNBIoDC/E1ZCDhhMW3yalWjwuLjMcpLzsM/QQnWo=
github.com/aws/aws-sdk-go-v2/internal/endpoints/v2 v2.0.1 h1:ObMfGNk0xjOWduPxsrRWVwZZia3e9fOcO6zlKCkt38s=
github.com/aws/aws-sdk-go-v2/internal/endpoints/v2 v2.0.1/go.mod h1:1xvCD+I5BcDuQUc+psZr7LI1a9pclAWZs3S3Gce5+lg=
github.com/aws/aws-sdk-go-v2/internal/endpoints/v2 v2.0.2 h1:EauRoYZVNPlidZSZJDscjJBQ22JhVF2+tdteatax2Ak=
github.com/aws/aws-sdk-go-v2/internal/endpoints/v2 v2.0.2/go.mod h1:xT4XX6w5Sa3dhg50JrYyy3e4WPYo/+WjY/BXtqXVunU=
github.com/aws/aws-sdk-go-v2/internal/ini v1.3.1 h1:fdQSN/ieDwbxdj7ptvFKjS2cS2a91l/WdjacCt5GgTE=
github.com/aws/aws-sdk-go-v2/internal/ini v1.3.1/go.mod h1:5eEM4wZ6I2GaeOaVXsiJexIH4P1sFnK5Yp2Tlw9Ah3c=
github.com/aws/aws-sdk-go-v2/internal/ini v1.3.2 h1:IQup8Q6lorXeiA/rK72PeToWoWK8h7VAPgHNWdSrtgE=
github.com/aws/aws-sdk-go-v2/internal/ini v1.3.2/go.mod h1:VITe/MdW6EMXPb0o0txu/fsonXbMHUU2OC2Qp7ivU4o=
github.com/aws/aws-sdk-go-v2/service/cloudwatchevents v1.9.1 h1:LAgF25TZF6+gGqv2cNqMHjGf5dl4O8xlbiDUswROUK8=
github.com/aws/aws-sdk-go-v2/service/cloudwatchevents v1.9.1/go.mod h1:huV2OMtyfoOi0Stt2F+JFhmjOA2bfuVFi6z6oXK4g4Y=
github.com/aws/aws-sdk-go-v2/service/cloudwatchevents v1.9.2 h1:3KMmqYzUxNPLuOYo6+n6BbqmIV3T5RfeK2NOpgTtkFU=
github.com/aws/aws-sdk-go-v2/service/cloudwatchevents v1.9.2/go.mod h1:FDL3tQ4lF3/k1xsp4WVNmXgWS/o/v/1uwn+lrAOgolE=
github.com/aws/aws-sdk-go-v2/service/dynamodb v1.9.0 h1:JCIrjO09MDngipViDM/V86FeGmq7UAzEIPqi6Ip/TmI=
github.com/aws/aws-sdk-go-v2/service/dynamodb v1.9.0/go.mod h1:p4XbvYGz/USXnff8X2UJaXkNjrgCw5EThbVEc0FVFR4=
github.com/aws/aws-sdk-go-v2/service/dynamodb v1.10.0 h1:jzvWaPf99rIjqEBxh9uGKxtnIykU/SOXY/nfvThhJvI=
github.com/aws/aws-sdk-go-v2/service/dynamodb v1.10.0/go.mod h1:ELltfl9ri0n4sZ/VjPZBgemNMd9mYIpCAuZhc7NP7l4=
github.com/aws/aws-sdk-go-v2/service/dynamodbstreams v1.8.0 h1:f1XLCorbtb2AzcXoGWDVjcccQ/HHG+YuwO6qooBez4A=
github.com/aws/aws-sdk-go-v2/service/dynamodbstreams v1.8.0/go.mod h1:Dk1nWzfZdfYs4Soi97dCZS6aOrywV8l+li5wtcA2bBM=
github.com/aws/aws-sdk-go-v2/service/dynamodbstreams v1.8.1 h1:AQurjazY9KPUxvq4EBN9Q3iWGaDrcqfpfSWtkP0Qy+g=
github.com/aws/aws-sdk-go-v2/service/dynamodbstreams v1.8.1/go.mod h1:RiesWyLiePOOwyT5ySDupQosvbG+OTMv9pws/EhDu4U=
github.com/aws/aws-sdk-go-v2/service/internal/accept-encoding v1.5.0 h1:lPLbw4Gn59uoKqvOfSnkJr54XWk5Ak1NK20ZEiSWb3U=
github.com/aws/aws-sdk-go-v2/service/internal/accept-encoding v1.5.0/go.mod h1:80NaCIH9YU3rzTTs/J/ECATjXuRqzo/wB6ukO6MZ0XY=
github.com/aws/aws-sdk-go-v2/service/internal/endpoint-discovery v1.3.2 h1:pTN5hLFxzr+vBaQg+jZeopsM8WoV9mLNh1eyN3Fxv5g=
github.com/aws/aws-sdk-go-v2/service/internal/endpoint-discovery v1.3.2/go.mod h1:BPXqUDGo/Zavoprg5p2aSPBcqjVCm+Z7Zydwz++606g=
github.com/aws/aws-sdk-go-v2/service/internal/endpoint-discovery v1.3.3 h1:ru9+IpkVIuDvIkm9Q0DEjtWHnh6ITDoZo8fH2dIjlqQ=
github.com/aws/aws-sdk-go-v2/service/internal/endpoint-discovery v1.3.3/go.mod h1:zOyLMYyg60yyZpOCniAUuibWVqTU4TuLmMa/Wh4P+HA=
github.com/aws/aws-sdk-go-v2/service/internal/presigned-url v1.5.1 h1:ZFSfgetO5kf4WXy+a2B8zug6DXGUYjsWacyvwx5cgXU=
github.com/aws/aws-sdk-go-v2/service/internal/presigned-url v1.5.1/go.mod h1:fEaHB2bi+wVZw4uKMHEXTL9LwtT4EL//DOhTeflqIVo=
github.com/aws/aws-sdk-go-v2/service/internal/presigned-url v1.5.2 h1:CKdUNKmuilw/KNmO2Q53Av8u+ZyXMC2M9aX8Z+c/gzg=
github.com/aws/aws-sdk-go-v2/service/internal/presigned-url v1.5.2/go.mod h1:FgR1tCsn8C6+Hf+N5qkfrE4IXvUL1RgW87sunJ+5J4I=
github.com/aws/aws-sdk-go-v2/service/sso v1.6.1 h1:NF/qN6e8hdHO/Pt5jN+S65dxFom3b8+ciVdyv8Jr00U=
github.com/aws/aws-sdk-go-v2/service/sso v1.6.1/go.mod h1:/73aFBwUl60wKBKhdth2pEOkut5ZNjVHGF9hjXz0bM0=
github.com/aws/aws-sdk-go-v2/service/sso v1.6.2 h1:2IDmvSb86KT44lSg1uU4ONpzgWLOuApRl6Tg54mZ6Dk=
github.com/aws/aws-sdk-go-v2/service/sso v1.6.2/go.mod h1:KnIpszaIdwI33tmc/W/GGXyn22c1USYxA/2KyvoeDY0=
github.com/aws/aws-sdk-go-v2/service/sts v1.11.0 h1:gij6WPiL9NznPLiRz9cwBLDS8j80V65lFHnE4ehd0E0=
github.com/aws/aws-sdk-go-v2/service/sts v1.11.0/go.mod h1:+BmlPeQ1Y+PuIho93MMKDby12PoUnt1SZXQdEHCzSlw=
github.com/aws/aws-sdk-go-v2/service/sts v1.11.1 h1:QKR7wy5e650q70PFKMfGF9sTo0rZgUevSSJ4wxmyWXk=
github.com/aws/aws-sdk-go-v2/service/sts v1.11.1/go.mod h1:UV2N5HaPfdbDpkgkz4sRzWCvQswZjdO1FfqCWl0t7RA=
github.com/aws/smithy-go v1.9.0 h1:c7FUdEqrQA1/UVKKCNDFQPNKGp4FQg3YW4Ck5SLTG58=
github.com/aws/smithy-go v1.9.0/go.mod h1:SObp3lf9smib00L/v3U2eAKG8FyQ7iLrJnQiAmR5n+E=
github.com/cpuguy83/go-md2man/v2 v2.0.0-20190314233015-f79a8a8ca69d/go.mod h1:maD7wRr/U5Z6m/iR4s+kqSMx2CaBsrgA7czyZG/E6dU=
github.com/cpuguy83/go-md2man/v2 v2.0.0/go.mod h1:maD7wRr/U5Z6m/iR4s+kqSMx2CaBsrgA7czyZG/E6dU=
github.com/davecgh/go-spew v1.1.0/go.mod h1:J7Y8YcW2NihsgmVo/mv3lAwl/skON4iLHjSsI+c5H38=
github.com/davecgh/go-spew v1.1.1 h1:vj9j/u1bqnvCEfJOwUhtlOARqs3+rkHYY13jYWTU97c=
github.com/davecgh/go-spew v1.1.1/go.mod h1:J7Y8YcW2NihsgmVo/mv3lAwl/skON4iLHjSsI+c5H38=
github.com/google/go-cmp v0.5.4/go.mod h1:v8dTdLbMG2kIc/vJvl+f65V22dbkXbowE6jgT/gNBxE=
github.com/google/go-cmp v0.5.6 h1:BKbKCqvP6I+rmFHt06ZmyQtvB8xAkWdhFyr0ZUNZcxQ=
github.com/google/go-cmp v0.5.6/go.mod h1:v8dTdLbMG2kIc/vJvl+f65V22dbkXbowE6jgT/gNBxE=
github.com/jmespath/go-jmespath v0.4.0 h1:BEgLn5cpjn8UN1mAw4NjwDrS35OdebyEtFe+9YPoQUg=
github.com/jmespath/go-jmespath v0.4.0/go.mod h1:T8mJZnbsbmF+m6zOOFylbeCJqk5+pHWvzYPziyZiYoo=
github.com/jmespath/go-jmespath/internal/testify v1.5.1 h1:shLQSRRSCCPj3f2gpwzGwWFoC7ycTf1rcQZHOlsJ6N8=
github.com/jmespath/go-jmespath/internal/testify v1.5.1/go.mod h1:L3OGu8Wl2/fWfCI6z80xFu9LTZmf1ZRjMHUOPmWr69U=
github.com/pmezard/go-difflib v1.0.0 h1:4DBwDE0NGyQoBHbLQYPwSUPoCMWR5BEzIk/f1lZbAQM=
github.com/pmezard/go-difflib v1.0.0/go.mod h1:iKH77koFhYxTK1pcRnkKkqfTogsbg7gZNVY4sRDYZ/4=
github.com/russross/blackfriday/v2 v2.0.1/go.mod h1:+Rmxgy9KzJVeS9/2gXHxylqXiyQDYRxCVz55jmeOWTM=
github.com/shurcooL/sanitized_anchor_name v1.0.0/go.mod h1:1NzhyTcUVG4SuEtjjoZeVRXNmyL/1OwPU0+IJeTBvfc=
github.com/stretchr/objx v0.1.0/go.mod h1:HFkY916IF+rwdDfMAkV7OtwuqBVzrE8GR6GFx+wExME=
github.com/stretchr/testify v1.6.1 h1:hDPOHmpOpP40lSULcqw7IrRb/u7w6RpDC9399XyoNd0=
github.com/stretchr/testify v1.6.1/go.mod h1:6Fq8oRcR53rry900zMqJjRRixrwX3KX962/h/Wwjteg=
github.com/urfave/cli/v2 v2.2.0/go.mod h1:SE9GqnLQmjVa0iPEY0f1w3ygNIYcIJ0OKPMoW2caLfQ=
golang.org/x/xerrors v0.0.0-20191204190536-9bdfabe68543 h1:E7g+9GITq07hpfrRu66IVDexMakfv52eLZ2CXBWiKr4=
golang.org/x/xerrors v0.0.0-20191204190536-9bdfabe68543/go.mod h1:I/5z698sn9Ka8TeJc9MKroUUfqBBauWjQqLJ2OPfmY0=
gopkg.in/check.v1 v0.0.0-20161208181325-20d25e280405/go.mod h1:Co6ibVJAznAaIkqp8huTwlJQCZ016jof/cbN4VW5Yz0=
gopkg.in/yaml.v2 v2.2.2/go.mod h1:hI93XBmqTisBFMUTm0b8Fm+jr3Dg1NNxqwp+5A1VGuI=
gopkg.in/yaml.v2 v2.2.8 h1:obN1ZagJSUGI0Ek/LBmuj4SNLPfIny3KsKFopxRdj10=
gopkg.in/yaml.v2 v2.2.8/go.mod h1:hI93XBmqTisBFMUTm0b8Fm+jr3Dg1NNxqwp+5A1VGuI=
gopkg.in/yaml.v3 v3.0.0-20200313102051-9f266ea9e77c/go.mod h1:K4uyk7z7BCEPqu6E+C64Yfv1cQ7kz7rIZviUmN+EgEM=
gopkg.in/yaml.v3 v3.0.0-20200615113413-eeeca48fe776 h1:tQIYjPdBoyREyB9XMu+nnTclpTYkz2zFM+lzLJFO4gQ=
gopkg.in/yaml.v3 v3.0.0-20200615113413-eeeca48fe776/go.mod h1:K4uyk7z7BCEPqu6E+C64Yfv1cQ7kz7rIZviUmN+EgEM=
